Microsoft Visual Studio Solution File, Format Version 12.00
# Visual Studio 2013
VisualStudioVersion = 12.0.30110.0
MinimumVisualStudioVersion = 10.0.40219.1
Project("{FAE04EC0-301F-11D3-BF4B-00C04F79EFBC}") = "ZeroMQDemo", "ZeroMQDemo\ZeroMQDemo.csproj", "{6A55150C-111B-47F7-874A-8E33E2BD4768}"
EndProject
Project("{FAE04EC0-301F-11D3-BF4B-00C04F79EFBC}") = "ZeroMQRunner", "ZeroMQRunner\ZeroMQRunner.csproj", "{1551CC06-1633-4DE8-ABCD-F71FDCBA9A18}"
EndProject
Global
	GlobalSection(SolutionConfigurationPlatforms) = preSolution
		Debug|Any CPU = Debug|Any CPU
		Debug|x86 = Debug|x86
		Release|Any CPU = Release|Any CPU
		Release|x86 = Release|x86
	EndGlobalSection
	GlobalSection(ProjectConfigurationPlatforms) = postSolution
		{6A55150C-111B-47F7-874A-8E33E2BD4768}.Debug|Any CPU.ActiveCfg = Debug|Any CPU
		{6A55150C-111B-47F7-874A-8E33E2BD4768}.Debug|Any CPU.Build.0 = Debug|Any CPU
		{6A55150C-111B-47F7-874A-8E33E2BD4768}.Debug|x86.ActiveCfg = Debug|Any CPU
		{6A55150C-111B-47F7-874A-8E33E2BD4768}.Release|Any CPU.ActiveCfg = Release|Any CPU
		{6A55150C-111B-47F7-874A-8E33E2BD4768}.Release|Any CPU.Build.0 = Release|Any CPU
		{6A55150C-111B-47F7-874A-8E33E2BD4768}.Release|x86.ActiveCfg = Release|Any CPU
		{1551CC06-1633-4DE8-ABCD-F71FDCBA9A18}.Debug|Any CPU.ActiveCfg = Debug|Any CPU
		{1551CC06-1633-4DE8-ABCD-F71FDCBA9A18}.Debug|Any CPU.Build.0 = Debug|Any CPU
		{1551CC06-1633-4DE8-ABCD-F71FDCBA9A18}.Debug|x86.ActiveCfg = Debug|Any CPU
		{1551CC06-1633-4DE8-ABCD-F71FDCBA9A18}.Release|Any CPU.ActiveCfg = Release|Any CPU
		{1551CC06-1633-4DE8-ABCD-F71FDCBA9A18}.Release|Any CPU.Build.0 = Release|Any CPU
		{1551CC06-1633-4DE8-ABCD-F71FDCBA9A18}.Release|x86.ActiveCfg = Release|Any CPU
	EndGlobalSection
	GlobalSection(SolutionProperties) = preSolution
		HideSolutionNode = FALSE
	EndGlobalSection
EndGlobal
